
Microsoft Visual Studio Solution File, Format Version 12.00
Project("{FAE04EC0-301F-11D3-BF4B-00C04F79EFBC}") = "PensoCore", "PensoCore\PensoCore.csproj", "{879AFAF3-84AF-4304-9B2E-74A3A0C87E14}"
EndProject
Project("{FAE04EC0-301F-11D3-BF4B-00C04F79EFBC}") = "PensoCoreTest", "PensoCoreTest\PensoCoreTest.csproj", "{747BF93F-E3F8-44DC-A217-7094C6D35733}"
EndProject
Global
	GlobalSection(SolutionConfigurationPlatforms) = preSolution
		Debug|Any CPU = Debug|Any CPU
		Release|Any CPU = Release|Any CPU
	EndGlobalSection
	GlobalSection(ProjectConfigurationPlatforms) = postSolution
		{879AFAF3-84AF-4304-9B2E-74A3A0C87E14}.Debug|Any CPU.ActiveCfg = Debug|Any CPU
		{879AFAF3-84AF-4304-9B2E-74A3A0C87E14}.Debug|Any CPU.Build.0 = Debug|Any CPU
		{879AFAF3-84AF-4304-9B2E-74A3A0C87E14}.Release|Any CPU.ActiveCfg = Release|Any CPU
		{879AFAF3-84AF-4304-9B2E-74A3A0C87E14}.Release|Any CPU.Build.0 = Release|Any CPU
		{747BF93F-E3F8-44DC-A217-7094C6D35733}.Debug|Any CPU.ActiveCfg = Debug|Any CPU
		{747BF93F-E3F8-44DC-A217-7094C6D35733}.Debug|Any CPU.Build.0 = Debug|Any CPU
		{747BF93F-E3F8-44DC-A217-7094C6D35733}.Release|Any CPU.ActiveCfg = Release|Any CPU
		{747BF93F-E3F8-44DC-A217-7094C6D35733}.Release|Any CPU.Build.0 = Release|Any CPU
	EndGlobalSection
EndGlobal
