// !$*UTF8*$!
{
	archiveVersion = 1;
	classes = {
	};
	objectVersion = 55;
	objects = {

/* Begin PBXBuildFile section */
		D300A4C027505E890017BC7A /* AppDelegate.swift in Sources */ = {isa = PBXBuildFile; fileRef = D300A4BF27505E890017BC7A /* AppDelegate.swift */; };
		D300A4C227505E890017BC7A /* ViewController.swift in Sources */ = {isa = PBXBuildFile; fileRef = D300A4C127505E890017BC7A /* ViewController.swift */; };
		D300A4C427505E8D0017BC7A /* Assets.xcassets in Resources */ = {isa = PBXBuildFile; fileRef = D300A4C327505E8D0017BC7A /* Assets.xcassets */; };
		D300A4C727505E8D0017BC7A /* Main.storyboard in Resources */ = {isa = PBXBuildFile; fileRef = D300A4C527505E8D0017BC7A /* Main.storyboard */; };
		D300A4D227505E8E0017BC7A /* PensoMacTests.swift in Sources */ = {isa = PBXBuildFile; fileRef = D300A4D127505E8E0017BC7A /* PensoMacTests.swift */; };
		D300A4DC27505E8F0017BC7A /* PensoMacUITests.swift in Sources */ = {isa = PBXBuildFile; fileRef = D300A4DB27505E8F0017BC7A /* PensoMacUITests.swift */; };
		D300A4DE27505E8F0017BC7A /* PensoMacUITestsLaunchTests.swift in Sources */ = {isa = PBXBuildFile; fileRef = D300A4DD27505E8F0017BC7A /* PensoMacUITestsLaunchTests.swift */; };
/* End PBXBuildFile section */

/* Begin PBXContainerItemProxy section */
		D300A4CE27505E8E0017BC7A /* PBXContainerItemProxy */ = {
			isa = PBXContainerItemProxy;
			containerPortal = D300A4B427505E890017BC7A /* Project object */;
			proxyType = 1;
			remoteGlobalIDString = D300A4BB27505E890017BC7A;
			remoteInfo = PensoMac;
		};
		D300A4D827505E8F0017BC7A /* PBXContainerItemProxy */ = {
			isa = PBXContainerItemProxy;
			containerPortal = D300A4B427505E890017BC7A /* Project object */;
			proxyType = 1;
			remoteGlobalIDString = D300A4BB27505E890017BC7A;
			remoteInfo = PensoMac;
		};
/* End PBXContainerItemProxy section */

/* Begin PBXFileReference section */
		D300A4BC27505E890017BC7A /* PensoMac.app */ = {isa = PBXFileReference; explicitFileType = wrapper.application; includeInIndex = 0; path = PensoMac.app; sourceTree = BUILT_PRODUCTS_DIR; };
		D300A4BF27505E890017BC7A /* AppDelegate.swift */ = {isa = PBXFileReference; lastKnownFileType = sourcecode.swift; path = AppDelegate.swift; sourceTree = "<group>"; };
		D300A4C127505E890017BC7A /* ViewController.swift */ = {isa = PBXFileReference; lastKnownFileType = sourcecode.swift; path = ViewController.swift; sourceTree = "<group>"; };
		D300A4C327505E8D0017BC7A /* Assets.xcassets */ = {isa = PBXFileReference; lastKnownFileType = folder.assetcatalog; path = Assets.xcassets; sourceTree = "<group>"; };
		D300A4C627505E8D0017BC7A /* Base */ = {isa = PBXFileReference; lastKnownFileType = file.storyboard; name = Base; path = Base.lproj/Main.storyboard; sourceTree = "<group>"; };
		D300A4C827505E8D0017BC7A /* PensoMac.entitlements */ = {isa = PBXFileReference; lastKnownFileType = text.plist.entitlements; path = PensoMac.entitlements; sourceTree = "<group>"; };
		D300A4CD27505E8E0017BC7A /* PensoMacTests.xctest */ = {isa = PBXFileReference; explicitFileType = wrapper.cfbundle; includeInIndex = 0; path = PensoMacTests.xctest; sourceTree = BUILT_PRODUCTS_DIR; };
		D300A4D127505E8E0017BC7A /* PensoMacTests.swift */ = {isa = PBXFileReference; lastKnownFileType = sourcecode.swift; path = PensoMacTests.swift; sourceTree = "<group>"; };
		D300A4D727505E8F0017BC7A /* PensoMacUITests.xctest */ = {isa = PBXFileReference; explicitFileType = wrapper.cfbundle; includeInIndex = 0; path = PensoMacUITests.xctest; sourceTree = BUILT_PRODUCTS_DIR; };
		D300A4DB27505E8F0017BC7A /* PensoMacUITests.swift */ = {isa = PBXFileReference; lastKnownFileType = sourcecode.swift; path = PensoMacUITests.swift; sourceTree = "<group>"; };
		D300A4DD27505E8F0017BC7A /* PensoMacUITestsLaunchTests.swift */ = {isa = PBXFileReference; lastKnownFileType = sourcecode.swift; path = PensoMacUITestsLaunchTests.swift; sourceTree = "<group>"; };
/* End PBXFileReference section */

/* Begin PBXFrameworksBuildPhase section */
		D300A4B927505E890017BC7A /* Frameworks */ = {
			isa = PBXFrameworksBuildPhase;
			buildActionMask = 2147483647;
			files = (
			);
			runOnlyForDeploymentPostprocessing = 0;
		};
		D300A4CA27505E8E0017BC7A /* Frameworks */ = {
			isa = PBXFrameworksBuildPhase;
			buildActionMask = 2147483647;
			files = (
			);
			runOnlyForDeploymentPostprocessing = 0;
		};
		D300A4D427505E8F0017BC7A /* Frameworks */ = {
			isa = PBXFrameworksBuildPhase;
			buildActionMask = 2147483647;
			files = (
			);
			runOnlyForDeploymentPostprocessing = 0;
		};
/* End PBXFrameworksBuildPhase section */

/* Begin PBXGroup section */
		D300A4B327505E890017BC7A = {
			isa = PBXGroup;
			children = (
				D300A4BE27505E890017BC7A /* PensoMac */,
				D300A4D027505E8E0017BC7A /* PensoMacTests */,
				D300A4DA27505E8F0017BC7A /* PensoMacUITests */,
				D300A4BD27505E890017BC7A /* Products */,
			);
			sourceTree = "<group>";
		};
		D300A4BD27505E890017BC7A /* Products */ = {
			isa = PBXGroup;
			children = (
				D300A4BC27505E890017BC7A /* PensoMac.app */,
				D300A4CD27505E8E0017BC7A /* PensoMacTests.xctest */,
				D300A4D727505E8F0017BC7A /* PensoMacUITests.xctest */,
			);
			name = Products;
			sourceTree = "<group>";
		};
		D300A4BE27505E890017BC7A /* PensoMac */ = {
			isa = PBXGroup;
			children = (
				D300A4BF27505E890017BC7A /* AppDelegate.swift */,
				D300A4C127505E890017BC7A /* ViewController.swift */,
				D300A4C327505E8D0017BC7A /* Assets.xcassets */,
				D300A4C527505E8D0017BC7A /* Main.storyboard */,
				D300A4C827505E8D0017BC7A /* PensoMac.entitlements */,
			);
			path = PensoMac;
			sourceTree = "<group>";
		};
		D300A4D027505E8E0017BC7A /* PensoMacTests */ = {
			isa = PBXGroup;
			children = (
				D300A4D127505E8E0017BC7A /* PensoMacTests.swift */,
			);
			path = PensoMacTests;
			sourceTree = "<group>";
		};
		D300A4DA27505E8F0017BC7A /* PensoMacUITests */ = {
			isa = PBXGroup;
			children = (
				D300A4DB27505E8F0017BC7A /* PensoMacUITests.swift */,
				D300A4DD27505E8F0017BC7A /* PensoMacUITestsLaunchTests.swift */,
			);
			path = PensoMacUITests;
			sourceTree = "<group>";
		};
/* End PBXGroup section */

/* Begin PBXNativeTarget section */
		D300A4BB27505E890017BC7A /* PensoMac */ = {
			isa = PBXNativeTarget;
			buildConfigurationList = D300A4E127505E8F0017BC7A /* Build configuration list for PBXNativeTarget "PensoMac" */;
			buildPhases = (
				D300A4B827505E890017BC7A /* Sources */,
				D300A4B927505E890017BC7A /* Frameworks */,
				D300A4BA27505E890017BC7A /* Resources */,
			);
			buildRules = (
			);
			dependencies = (
			);
			name = PensoMac;
			productName = PensoMac;
			productReference = D300A4BC27505E890017BC7A /* PensoMac.app */;
			productType = "com.apple.product-type.application";
		};
		D300A4CC27505E8E0017BC7A /* PensoMacTests */ = {
			isa = PBXNativeTarget;
			buildConfigurationList = D300A4E427505E8F0017BC7A /* Build configuration list for PBXNativeTarget "PensoMacTests" */;
			buildPhases = (
				D300A4C927505E8E0017BC7A /* Sources */,
				D300A4CA27505E8E0017BC7A /* Frameworks */,
				D300A4CB27505E8E0017BC7A /* Resources */,
			);
			buildRules = (
			);
			dependencies = (
				D300A4CF27505E8E0017BC7A /* PBXTargetDependency */,
			);
			name = PensoMacTests;
			productName = PensoMacTests;
			productReference = D300A4CD27505E8E0017BC7A /* PensoMacTests.xctest */;
			productType = "com.apple.product-type.bundle.unit-test";
		};
		D300A4D627505E8F0017BC7A /* PensoMacUITests */ = {
			isa = PBXNativeTarget;
			buildConfigurationList = D300A4E727505E8F0017BC7A /* Build configuration list for PBXNativeTarget "PensoMacUITests" */;
			buildPhases = (
				D300A4D327505E8F0017BC7A /* Sources */,
				D300A4D427505E8F0017BC7A /* Frameworks */,
				D300A4D527505E8F0017BC7A /* Resources */,
			);
			buildRules = (
			);
			dependencies = (
				D300A4D927505E8F0017BC7A /* PBXTargetDependency */,
			);
			name = PensoMacUITests;
			productName = PensoMacUITests;
			productReference = D300A4D727505E8F0017BC7A /* PensoMacUITests.xctest */;
			productType = "com.apple.product-type.bundle.ui-testing";
		};
/* End PBXNativeTarget section */

/* Begin PBXProject section */
		D300A4B427505E890017BC7A /* Project object */ = {
			isa = PBXProject;
			attributes = {
				BuildIndependentTargetsInParallel = 1;
				LastSwiftUpdateCheck = 1310;
				LastUpgradeCheck = 1310;
				TargetAttributes = {
					D300A4BB27505E890017BC7A = {
						CreatedOnToolsVersion = 13.1;
					};
					D300A4CC27505E8E0017BC7A = {
						CreatedOnToolsVersion = 13.1;
						TestTargetID = D300A4BB27505E890017BC7A;
					};
					D300A4D627505E8F0017BC7A = {
						CreatedOnToolsVersion = 13.1;
						TestTargetID = D300A4BB27505E890017BC7A;
					};
				};
			};
			buildConfigurationList = D300A4B727505E890017BC7A /* Build configuration list for PBXProject "PensoMac" */;
			compatibilityVersion = "Xcode 13.0";
			developmentRegion = en;
			hasScannedForEncodings = 0;
			knownRegions = (
				en,
				Base,
			);
			mainGroup = D300A4B327505E890017BC7A;
			productRefGroup = D300A4BD27505E890017BC7A /* Products */;
			projectDirPath = "";
			projectRoot = "";
			targets = (
				D300A4BB27505E890017BC7A /* PensoMac */,
				D300A4CC27505E8E0017BC7A /* PensoMacTests */,
				D300A4D627505E8F0017BC7A /* PensoMacUITests */,
			);
		};
/* End PBXProject section */

/* Begin PBXResourcesBuildPhase section */
		D300A4BA27505E890017BC7A /* Resources */ = {
			isa = PBXResourcesBuildPhase;
			buildActionMask = 2147483647;
			files = (
				D300A4C427505E8D0017BC7A /* Assets.xcassets in Resources */,
				D300A4C727505E8D0017BC7A /* Main.storyboard in Resources */,
			);
			runOnlyForDeploymentPostprocessing = 0;
		};
		D300A4CB27505E8E0017BC7A /* Resources */ = {
			isa = PBXResourcesBuildPhase;
			buildActionMask = 2147483647;
			files = (
			);
			runOnlyForDeploymentPostprocessing = 0;
		};
		D300A4D527505E8F0017BC7A /* Resources */ = {
			isa = PBXResourcesBuildPhase;
			buildActionMask = 2147483647;
			files = (
			);
			runOnlyForDeploymentPostprocessing = 0;
		};
/* End PBXResourcesBuildPhase section */

/* Begin PBXSourcesBuildPhase section */
		D300A4B827505E890017BC7A /* Sources */ = {
			isa = PBXSourcesBuildPhase;
			buildActionMask = 2147483647;
			files = (
				D300A4C227505E890017BC7A /* ViewController.swift in Sources */,
				D300A4C027505E890017BC7A /* AppDelegate.swift in Sources */,
			);
			runOnlyForDeploymentPostprocessing = 0;
		};
		D300A4C927505E8E0017BC7A /* Sources */ = {
			isa = PBXSourcesBuildPhase;
			buildActionMask = 2147483647;
			files = (
				D300A4D227505E8E0017BC7A /* PensoMacTests.swift in Sources */,
			);
			runOnlyForDeploymentPostprocessing = 0;
		};
		D300A4D327505E8F0017BC7A /* Sources */ = {
			isa = PBXSourcesBuildPhase;
			buildActionMask = 2147483647;
			files = (
				D300A4DE27505E8F0017BC7A /* PensoMacUITestsLaunchTests.swift in Sources */,
				D300A4DC27505E8F0017BC7A /* PensoMacUITests.swift in Sources */,
			);
			runOnlyForDeploymentPostprocessing = 0;
		};
/* End PBXSourcesBuildPhase section */

/* Begin PBXTargetDependency section */
		D300A4CF27505E8E0017BC7A /* PBXTargetDependency */ = {
			isa = PBXTargetDependency;
			target = D300A4BB27505E890017BC7A /* PensoMac */;
			targetProxy = D300A4CE27505E8E0017BC7A /* PBXContainerItemProxy */;
		};
		D300A4D927505E8F0017BC7A /* PBXTargetDependency */ = {
			isa = PBXTargetDependency;
			target = D300A4BB27505E890017BC7A /* PensoMac */;
			targetProxy = D300A4D827505E8F0017BC7A /* PBXContainerItemProxy */;
		};
/* End PBXTargetDependency section */

/* Begin PBXVariantGroup section */
		D300A4C527505E8D0017BC7A /* Main.storyboard */ = {
			isa = PBXVariantGroup;
			children = (
				D300A4C627505E8D0017BC7A /* Base */,
			);
			name = Main.storyboard;
			sourceTree = "<group>";
		};
/* End PBXVariantGroup section */

/* Begin XCBuildConfiguration section */
		D300A4DF27505E8F0017BC7A /* Debug */ = {
			isa = XCBuildConfiguration;
			buildSettings = {
				ALWAYS_SEARCH_USER_PATHS = NO;
				CLANG_ANALYZER_NONNULL = YES;
				CLANG_ANALYZER_NUMBER_OBJECT_CONVERSION = YES_AGGRESSIVE;
				CLANG_CXX_LANGUAGE_STANDARD = "gnu++17";
				CLANG_CXX_LIBRARY = "libc++";
				CLANG_ENABLE_MODULES = YES;
				CLANG_ENABLE_OBJC_ARC = YES;
				CLANG_ENABLE_OBJC_WEAK = YES;
				CLANG_WARN_BLOCK_CAPTURE_AUTORELEASING = YES;
				CLANG_WARN_BOOL_CONVERSION = YES;
				CLANG_WARN_COMMA = YES;
				CLANG_WARN_CONSTANT_CONVERSION = YES;
				CLANG_WARN_DEPRECATED_OBJC_IMPLEMENTATIONS = YES;
				CLANG_WARN_DIRECT_OBJC_ISA_USAGE = YES_ERROR;
				CLANG_WARN_DOCUMENTATION_COMMENTS = YES;
				CLANG_WARN_EMPTY_BODY = YES;
				CLANG_WARN_ENUM_CONVERSION = YES;
				CLANG_WARN_INFINITE_RECURSION = YES;
				CLANG_WARN_INT_CONVERSION = YES;
				CLANG_WARN_NON_LITERAL_NULL_CONVERSION = YES;
				CLANG_WARN_OBJC_IMPLICIT_RETAIN_SELF = YES;
				CLANG_WARN_OBJC_LITERAL_CONVERSION = YES;
				CLANG_WARN_OBJC_ROOT_CLASS = YES_ERROR;
				CLANG_WARN_QUOTED_INCLUDE_IN_FRAMEWORK_HEADER = YES;
				CLANG_WARN_RANGE_LOOP_ANALYSIS = YES;
				CLANG_WARN_STRICT_PROTOTYPES = YES;
				CLANG_WARN_SUSPICIOUS_MOVE = YES;
				CLANG_WARN_UNGUARDED_AVAILABILITY = YES_AGGRESSIVE;
				CLANG_WARN_UNREACHABLE_CODE = YES;
				CLANG_WARN__DUPLICATE_METHOD_MATCH = YES;
				COPY_PHASE_STRIP = NO;
				DEBUG_INFORMATION_FORMAT = dwarf;
				ENABLE_STRICT_OBJC_MSGSEND = YES;
				ENABLE_TESTABILITY = YES;
				GCC_C_LANGUAGE_STANDARD = gnu11;
				GCC_DYNAMIC_NO_PIC = NO;
				GCC_NO_COMMON_BLOCKS = YES;
				GCC_OPTIMIZATION_LEVEL = 0;
				GCC_PREPROCESSOR_DEFINITIONS = (
					"DEBUG=1",
					"$(inherited)",
				);
				GCC_WARN_64_TO_32_BIT_CONVERSION = YES;
				GCC_WARN_ABOUT_RETURN_TYPE = YES_ERROR;
				GCC_WARN_UNDECLARED_SELECTOR = YES;
				GCC_WARN_UNINITIALIZED_AUTOS = YES_AGGRESSIVE;
				GCC_WARN_UNUSED_FUNCTION = YES;
				GCC_WARN_UNUSED_VARIABLE = YES;
				MACOSX_DEPLOYMENT_TARGET = 12.0;
				MTL_ENABLE_DEBUG_INFO = INCLUDE_SOURCE;
				MTL_FAST_MATH = YES;
				ONLY_ACTIVE_ARCH = YES;
				SDKROOT = macosx;
				SWIFT_ACTIVE_COMPILATION_CONDITIONS = DEBUG;
				SWIFT_OPTIMIZATION_LEVEL = "-Onone";
			};
			name = Debug;
		};
		D300A4E027505E8F0017BC7A /* Release */ = {
			isa = XCBuildConfiguration;
			buildSettings = {
				ALWAYS_SEARCH_USER_PATHS = NO;
				CLANG_ANALYZER_NONNULL = YES;
				CLANG_ANALYZER_NUMBER_OBJECT_CONVERSION = YES_AGGRESSIVE;
				CLANG_CXX_LANGUAGE_STANDARD = "gnu++17";
				CLANG_CXX_LIBRARY = "libc++";
				CLANG_ENABLE_MODULES = YES;
				CLANG_ENABLE_OBJC_ARC = YES;
				CLANG_ENABLE_OBJC_WEAK = YES;
				CLANG_WARN_BLOCK_CAPTURE_AUTORELEASING = YES;
				CLANG_WARN_BOOL_CONVERSION = YES;
				CLANG_WARN_COMMA = YES;
				CLANG_WARN_CONSTANT_CONVERSION = YES;
				CLANG_WARN_DEPRECATED_OBJC_IMPLEMENTATIONS = YES;
				CLANG_WARN_DIRECT_OBJC_ISA_USAGE = YES_ERROR;
				CLANG_WARN_DOCUMENTATION_COMMENTS = YES;
				CLANG_WARN_EMPTY_BODY = YES;
				CLANG_WARN_ENUM_CONVERSION = YES;
				CLANG_WARN_INFINITE_RECURSION = YES;
				CLANG_WARN_INT_CONVERSION = YES;
				CLANG_WARN_NON_LITERAL_NULL_CONVERSION = YES;
				CLANG_WARN_OBJC_IMPLICIT_RETAIN_SELF = YES;
				CLANG_WARN_OBJC_LITERAL_CONVERSION = YES;
				CLANG_WARN_OBJC_ROOT_CLASS = YES_ERROR;
				CLANG_WARN_QUOTED_INCLUDE_IN_FRAMEWORK_HEADER = YES;
				CLANG_WARN_RANGE_LOOP_ANALYSIS = YES;
				CLANG_WARN_STRICT_PROTOTYPES = YES;
				CLANG_WARN_SUSPICIOUS_MOVE = YES;
				CLANG_WARN_UNGUARDED_AVAILABILITY = YES_AGGRESSIVE;
				CLANG_WARN_UNREACHABLE_CODE = YES;
				CLANG_WARN__DUPLICATE_METHOD_MATCH = YES;
				COPY_PHASE_STRIP = NO;
				DEBUG_INFORMATION_FORMAT = "dwarf-with-dsym";
				ENABLE_NS_ASSERTIONS = NO;
				ENABLE_STRICT_OBJC_MSGSEND = YES;
				GCC_C_LANGUAGE_STANDARD = gnu11;
				GCC_NO_COMMON_BLOCKS = YES;
				GCC_WARN_64_TO_32_BIT_CONVERSION = YES;
				GCC_WARN_ABOUT_RETURN_TYPE = YES_ERROR;
				GCC_WARN_UNDECLARED_SELECTOR = YES;
				GCC_WARN_UNINITIALIZED_AUTOS = YES_AGGRESSIVE;
				GCC_WARN_UNUSED_FUNCTION = YES;
				GCC_WARN_UNUSED_VARIABLE = YES;
				MACOSX_DEPLOYMENT_TARGET = 12.0;
				MTL_ENABLE_DEBUG_INFO = NO;
				MTL_FAST_MATH = YES;
				SDKROOT = macosx;
				SWIFT_COMPILATION_MODE = wholemodule;
				SWIFT_OPTIMIZATION_LEVEL = "-O";
			};
			name = Release;
		};
		D300A4E227505E8F0017BC7A /* Debug */ = {
			isa = XCBuildConfiguration;
			buildSettings = {
				ASSETCATALOG_COMPILER_APPICON_NAME = AppIcon;
				ASSETCATALOG_COMPILER_GLOBAL_ACCENT_COLOR_NAME = AccentColor;
				CODE_SIGN_ENTITLEMENTS = PensoMac/PensoMac.entitlements;
				CODE_SIGN_STYLE = Automatic;
				COMBINE_HIDPI_IMAGES = YES;
				CURRENT_PROJECT_VERSION = 1;
				DEVELOPMENT_TEAM = JZMFQH72CS;
				ENABLE_HARDENED_RUNTIME = YES;
				GENERATE_INFOPLIST_FILE = YES;
				INFOPLIST_KEY_LSApplicationCategoryType = "public.app-category.utilities";
				INFOPLIST_KEY_NSHumanReadableCopyright = "";
				INFOPLIST_KEY_NSMainStoryboardFile = Main;
				INFOPLIST_KEY_NSPrincipalClass = NSApplication;
				LD_RUNPATH_SEARCH_PATHS = (
					"$(inherited)",
					"@executable_path/../Frameworks",
				);
				MARKETING_VERSION = 1.0;
				PRODUCT_BUNDLE_IDENTIFIER = TeamPenso.Penso.PensoMac;
				PRODUCT_NAME = "$(TARGET_NAME)";
				SWIFT_EMIT_LOC_STRINGS = YES;
				SWIFT_VERSION = 5.0;
			};
			name = Debug;
		};
		D300A4E327505E8F0017BC7A /* Release */ = {
			isa = XCBuildConfiguration;
			buildSettings = {
				ASSETCATALOG_COMPILER_APPICON_NAME = AppIcon;
				ASSETCATALOG_COMPILER_GLOBAL_ACCENT_COLOR_NAME = AccentColor;
				CODE_SIGN_ENTITLEMENTS = PensoMac/PensoMac.entitlements;
				CODE_SIGN_STYLE = Automatic;
				COMBINE_HIDPI_IMAGES = YES;
				CURRENT_PROJECT_VERSION = 1;
				DEVELOPMENT_TEAM = JZMFQH72CS;
				ENABLE_HARDENED_RUNTIME = YES;
				GENERATE_INFOPLIST_FILE = YES;
				INFOPLIST_KEY_LSApplicationCategoryType = "public.app-category.utilities";
				INFOPLIST_KEY_NSHumanReadableCopyright = "";
				INFOPLIST_KEY_NSMainStoryboardFile = Main;
				INFOPLIST_KEY_NSPrincipalClass = NSApplication;
				LD_RUNPATH_SEARCH_PATHS = (
					"$(inherited)",
					"@executable_path/../Frameworks",
				);
				MARKETING_VERSION = 1.0;
				PRODUCT_BUNDLE_IDENTIFIER = TeamPenso.Penso.PensoMac;
				PRODUCT_NAME = "$(TARGET_NAME)";
				SWIFT_EMIT_LOC_STRINGS = YES;
				SWIFT_VERSION = 5.0;
			};
			name = Release;
		};
		D300A4E527505E8F0017BC7A /* Debug */ = {
			isa = XCBuildConfiguration;
			buildSettings = {
				ALWAYS_EMBED_SWIFT_STANDARD_LIBRARIES = YES;
				BUNDLE_LOADER = "$(TEST_HOST)";
				CODE_SIGN_STYLE = Automatic;
				COMBINE_HIDPI_IMAGES = YES;
				CURRENT_PROJECT_VERSION = 1;
				DEVELOPMENT_TEAM = JZMFQH72CS;
				GENERATE_INFOPLIST_FILE = YES;
				LD_RUNPATH_SEARCH_PATHS = (
					"$(inherited)",
					"@executable_path/../Frameworks",
					"@loader_path/../Frameworks",
				);
				MACOSX_DEPLOYMENT_TARGET = 12.0;
				MARKETING_VERSION = 1.0;
				PRODUCT_BUNDLE_IDENTIFIER = TeamPenso.Penso.PensoMacTests;
				PRODUCT_NAME = "$(TARGET_NAME)";
				SWIFT_EMIT_LOC_STRINGS = NO;
				SWIFT_VERSION = 5.0;
				TEST_HOST = "$(BUILT_PRODUCTS_DIR)/PensoMac.app/Contents/MacOS/PensoMac";
			};
			name = Debug;
		};
		D300A4E627505E8F0017BC7A /* Release */ = {
			isa = XCBuildConfiguration;
			buildSettings = {
				ALWAYS_EMBED_SWIFT_STANDARD_LIBRARIES = YES;
				BUNDLE_LOADER = "$(TEST_HOST)";
				CODE_SIGN_STYLE = Automatic;
				COMBINE_HIDPI_IMAGES = YES;
				CURRENT_PROJECT_VERSION = 1;
				DEVELOPMENT_TEAM = JZMFQH72CS;
				GENERATE_INFOPLIST_FILE = YES;
				LD_RUNPATH_SEARCH_PATHS = (
					"$(inherited)",
					"@executable_path/../Frameworks",
					"@loader_path/../Frameworks",
				);
				MACOSX_DEPLOYMENT_TARGET = 12.0;
				MARKETING_VERSION = 1.0;
				PRODUCT_BUNDLE_IDENTIFIER = TeamPenso.Penso.PensoMacTests;
				PRODUCT_NAME = "$(TARGET_NAME)";
				SWIFT_EMIT_LOC_STRINGS = NO;
				SWIFT_VERSION = 5.0;
				TEST_HOST = "$(BUILT_PRODUCTS_DIR)/PensoMac.app/Contents/MacOS/PensoMac";
			};
			name = Release;
		};
		D300A4E827505E8F0017BC7A /* Debug */ = {
			isa = XCBuildConfiguration;
			buildSettings = {
				ALWAYS_EMBED_SWIFT_STANDARD_LIBRARIES = YES;
				CODE_SIGN_STYLE = Automatic;
				COMBINE_HIDPI_IMAGES = YES;
				CURRENT_PROJECT_VERSION = 1;
				DEVELOPMENT_TEAM = JZMFQH72CS;
				GENERATE_INFOPLIST_FILE = YES;
				LD_RUNPATH_SEARCH_PATHS = (
					"$(inherited)",
					"@executable_path/../Frameworks",
					"@loader_path/../Frameworks",
				);
				MARKETING_VERSION = 1.0;
				PRODUCT_BUNDLE_IDENTIFIER = TeamPenso.Penso.PensoMacUITests;
				PRODUCT_NAME = "$(TARGET_NAME)";
				SWIFT_EMIT_LOC_STRINGS = NO;
				SWIFT_VERSION = 5.0;
				TEST_TARGET_NAME = PensoMac;
			};
			name = Debug;
		};
		D300A4E927505E8F0017BC7A /* Release */ = {
			isa = XCBuildConfiguration;
			buildSettings = {
				ALWAYS_EMBED_SWIFT_STANDARD_LIBRARIES = YES;
				CODE_SIGN_STYLE = Automatic;
				COMBINE_HIDPI_IMAGES = YES;
				CURRENT_PROJECT_VERSION = 1;
				DEVELOPMENT_TEAM = JZMFQH72CS;
				GENERATE_INFOPLIST_FILE = YES;
				LD_RUNPATH_SEARCH_PATHS = (
					"$(inherited)",
					"@executable_path/../Frameworks",
					"@loader_path/../Frameworks",
				);
				MARKETING_VERSION = 1.0;
				PRODUCT_BUNDLE_IDENTIFIER = TeamPenso.Penso.PensoMacUITests;
				PRODUCT_NAME = "$(TARGET_NAME)";
				SWIFT_EMIT_LOC_STRINGS = NO;
				SWIFT_VERSION = 5.0;
				TEST_TARGET_NAME = PensoMac;
			};
			name = Release;
		};
/* End XCBuildConfiguration section */

/* Begin XCConfigurationList section */
		D300A4B727505E890017BC7A /* Build configuration list for PBXProject "PensoMac" */ = {
			isa = XCConfigurationList;
			buildConfigurations = (
				D300A4DF27505E8F0017BC7A /* Debug */,
				D300A4E027505E8F0017BC7A /* Release */,
			);
			defaultConfigurationIsVisible = 0;
			defaultConfigurationName = Release;
		};
		D300A4E127505E8F0017BC7A /* Build configuration list for PBXNativeTarget "PensoMac" */ = {
			isa = XCConfigurationList;
			buildConfigurations = (
				D300A4E227505E8F0017BC7A /* Debug */,
				D300A4E327505E8F0017BC7A /* Release */,
			);
			defaultConfigurationIsVisible = 0;
			defaultConfigurationName = Release;
		};
		D300A4E427505E8F0017BC7A /* Build configuration list for PBXNativeTarget "PensoMacTests" */ = {
			isa = XCConfigurationList;
			buildConfigurations = (
				D300A4E527505E8F0017BC7A /* Debug */,
				D300A4E627505E8F0017BC7A /* Release */,
			);
			defaultConfigurationIsVisible = 0;
			defaultConfigurationName = Release;
		};
		D300A4E727505E8F0017BC7A /* Build configuration list for PBXNativeTarget "PensoMacUITests" */ = {
			isa = XCConfigurationList;
			buildConfigurations = (
				D300A4E827505E8F0017BC7A /* Debug */,
				D300A4E927505E8F0017BC7A /* Release */,
			);
			defaultConfigurationIsVisible = 0;
			defaultConfigurationName = Release;
		};
/* End XCConfigurationList section */
	};
	rootObject = D300A4B427505E890017BC7A /* Project object */;
}
